
Microsoft Visual Studio Solution File, Format Version 12.00
# Visual Studio Version 17
VisualStudioVersion = 17.11.35312.102
MinimumVisualStudioVersion = 10.0.40219.1
Project("{FAE04EC0-301F-11D3-BF4B-00C04F79EFBC}") = "CardboardMoney_Road96_Mod", "CardboardMoney_Road96_Mod\CardboardMoney_Road96_Mod.csproj", "{067F4E3E-268D-4769-91EE-CDE17CED7964}"
EndProject
Global
	GlobalSection(SolutionConfigurationPlatforms) = preSolution
		Debug|Any CPU = Debug|Any CPU
		Release|Any CPU = Release|Any CPU
	EndGlobalSection
	GlobalSection(ProjectConfigurationPlatforms) = postSolution
		{067F4E3E-268D-4769-91EE-CDE17CED7964}.Debug|Any CPU.ActiveCfg = Debug|Any CPU
		{067F4E3E-268D-4769-91EE-CDE17CED7964}.Debug|Any CPU.Build.0 = Debug|Any CPU
		{067F4E3E-268D-4769-91EE-CDE17CED7964}.Release|Any CPU.ActiveCfg = Release|Any CPU
		{067F4E3E-268D-4769-91EE-CDE17CED7964}.Release|Any CPU.Build.0 = Release|Any CPU
	EndGlobalSection
	GlobalSection(SolutionProperties) = preSolution
		HideSolutionNode = FALSE
	EndGlobalSection
	GlobalSection(ExtensibilityGlobals) = postSolution
		SolutionGuid = {09595550-6956-4CF7-B0E6-EC3AD5899DE1}
	EndGlobalSection
EndGlobal
